
Microsoft Visual Studio Solution File, Format Version 12.00
# Visual Studio Version 17
VisualStudioVersion = 17.4.33213.308
MinimumVisualStudioVersion = 10.0.40219.1
Project("{FAE04EC0-301F-11D3-BF4B-00C04F79EFBC}") = "CMSnet6", "CMSnet6.csproj", "{C75E86C4-3CC0-4382-9B6C-453B422B47E4}"
EndProject
Global
	GlobalSection(SolutionConfigurationPlatforms) = preSolution
		Debug|Any CPU = Debug|Any CPU
		Release|Any CPU = Release|Any CPU
	EndGlobalSection
	GlobalSection(ProjectConfigurationPlatforms) = postSolution
		{C75E86C4-3CC0-4382-9B6C-453B422B47E4}.Debug|Any CPU.ActiveCfg = Debug|Any CPU
		{C75E86C4-3CC0-4382-9B6C-453B422B47E4}.Debug|Any CPU.Build.0 = Debug|Any CPU
		{C75E86C4-3CC0-4382-9B6C-453B422B47E4}.Release|Any CPU.ActiveCfg = Release|Any CPU
		{C75E86C4-3CC0-4382-9B6C-453B422B47E4}.Release|Any CPU.Build.0 = Release|Any CPU
	EndGlobalSection
	GlobalSection(SolutionProperties) = preSolution
		HideSolutionNode = FALSE
	EndGlobalSection
	GlobalSection(ExtensibilityGlobals) = postSolution
		SolutionGuid = {6CEE3848-08E9-4D10-AD17-B0C98A209CC5}
	EndGlobalSection
EndGlobal
